
Microsoft Visual Studio Solution File, Format Version 12.00
# Visual Studio Version 17
VisualStudioVersion = 17.2.32630.192
MinimumVisualStudioVersion = 10.0.40219.1
Project("{FAE04EC0-301F-11D3-BF4B-00C04F79EFBC}") = "SistemaGSG", "SistemaGSG\SistemaGSG.csproj", "{C250A6E3-BF11-4E53-96D5-46A8C2588528}"
EndProject
Project("{2150E333-8FDC-42A3-9474-1A3956D46DE8}") = "Solution Items", "Solution Items", "{F9ECAE9D-5B61-480D-A3DC-DFA23CBDB710}"
	ProjectSection(SolutionItems) = preProject
		.editorconfig = .editorconfig
	EndProjectSection
EndProject
Global
	GlobalSection(SolutionConfigurationPlatforms) = preSolution
		Debug|Any CPU = Debug|Any CPU
		Debug|ARM = Debug|ARM
		Debug|ARM64 = Debug|ARM64
		Debug|x64 = Debug|x64
		Debug|x86 = Debug|x86
		Release|Any CPU = Release|Any CPU
		Release|ARM = Release|ARM
		Release|ARM64 = Release|ARM64
		Release|x64 = Release|x64
		Release|x86 = Release|x86
	EndGlobalSection
	GlobalSection(ProjectConfigurationPlatforms) = postSolution
		{C250A6E3-BF11-4E53-96D5-46A8C2588528}.Debug|Any CPU.ActiveCfg = Debug|Any CPU
		{C250A6E3-BF11-4E53-96D5-46A8C2588528}.Debug|Any CPU.Build.0 = Debug|Any CPU
		{C250A6E3-BF11-4E53-96D5-46A8C2588528}.Debug|ARM.ActiveCfg = Debug|Any CPU
		{C250A6E3-BF11-4E53-96D5-46A8C2588528}.Debug|ARM.Build.0 = Debug|Any CPU
		{C250A6E3-BF11-4E53-96D5-46A8C2588528}.Debug|ARM64.ActiveCfg = Debug|Any CPU
		{C250A6E3-BF11-4E53-96D5-46A8C2588528}.Debug|ARM64.Build.0 = Debug|Any CPU
		{C250A6E3-BF11-4E53-96D5-46A8C2588528}.Debug|x64.ActiveCfg = Debug|Any CPU
		{C250A6E3-BF11-4E53-96D5-46A8C2588528}.Debug|x64.Build.0 = Debug|Any CPU
		{C250A6E3-BF11-4E53-96D5-46A8C2588528}.Debug|x86.ActiveCfg = Debug|Any CPU
		{C250A6E3-BF11-4E53-96D5-46A8C2588528}.Debug|x86.Build.0 = Debug|Any CPU
		{C250A6E3-BF11-4E53-96D5-46A8C2588528}.Release|Any CPU.ActiveCfg = Debug|Any CPU
		{C250A6E3-BF11-4E53-96D5-46A8C2588528}.Release|Any CPU.Build.0 = Debug|Any CPU
		{C250A6E3-BF11-4E53-96D5-46A8C2588528}.Release|ARM.ActiveCfg = Debug|Any CPU
		{C250A6E3-BF11-4E53-96D5-46A8C2588528}.Release|ARM.Build.0 = Debug|Any CPU
		{C250A6E3-BF11-4E53-96D5-46A8C2588528}.Release|ARM64.ActiveCfg = Debug|Any CPU
		{C250A6E3-BF11-4E53-96D5-46A8C2588528}.Release|ARM64.Build.0 = Debug|Any CPU
		{C250A6E3-BF11-4E53-96D5-46A8C2588528}.Release|x64.ActiveCfg = Debug|Any CPU
		{C250A6E3-BF11-4E53-96D5-46A8C2588528}.Release|x64.Build.0 = Debug|Any CPU
		{C250A6E3-BF11-4E53-96D5-46A8C2588528}.Release|x86.ActiveCfg = Debug|Any CPU
		{C250A6E3-BF11-4E53-96D5-46A8C2588528}.Release|x86.Build.0 = Debug|Any CPU
	EndGlobalSection
	GlobalSection(SolutionProperties) = preSolution
		HideSolutionNode = FALSE
	EndGlobalSection
	GlobalSection(ExtensibilityGlobals) = postSolution
		SolutionGuid = {B0F34F0E-42E5-4DD1-91E7-01C33D6562CB}
	EndGlobalSection
EndGlobal
